
Microsoft Visual Studio Solution File, Format Version 12.00
# Visual Studio 15
VisualStudioVersion = 15.0.27703.2035
MinimumVisualStudioVersion = 10.0.40219.1
Project("{FAE04EC0-301F-11D3-BF4B-00C04F79EFBC}") = "GraphNotificationsTest", "GraphNotificationsTest\GraphNotificationsTest.csproj", "{C6A88760-77EB-4445-A44E-B46705502FBD}"
EndProject
Global
	GlobalSection(SolutionConfigurationPlatforms) = preSolution
		Debug|Any CPU = Debug|Any CPU
		Release|Any CPU = Release|Any CPU
	EndGlobalSection
	GlobalSection(ProjectConfigurationPlatforms) = postSolution
		{C6A88760-77EB-4445-A44E-B46705502FBD}.Debug|Any CPU.ActiveCfg = Debug|Any CPU
		{C6A88760-77EB-4445-A44E-B46705502FBD}.Debug|Any CPU.Build.0 = Debug|Any CPU
		{C6A88760-77EB-4445-A44E-B46705502FBD}.Release|Any CPU.ActiveCfg = Release|Any CPU
		{C6A88760-77EB-4445-A44E-B46705502FBD}.Release|Any CPU.Build.0 = Release|Any CPU
	EndGlobalSection
	GlobalSection(SolutionProperties) = preSolution
		HideSolutionNode = FALSE
	EndGlobalSection
	GlobalSection(ExtensibilityGlobals) = postSolution
		SolutionGuid = {46485D99-1544-414F-978F-25DE6399A246}
	EndGlobalSection
EndGlobal
